
Microsoft Visual Studio Solution File, Format Version 12.00
# Visual Studio Version 17
VisualStudioVersion = 17.0.31903.59
MinimumVisualStudioVersion = 10.0.40219.1
Project("{FAE04EC0-301F-11D3-BF4B-00C04F79EFBC}") = "sgosat.Dominio", "sgosat.Dominio\sgosat.Dominio.csproj", "{D80D9911-C979-4D62-B696-53FC678D5053}"
EndProject
Project("{FAE04EC0-301F-11D3-BF4B-00C04F79EFBC}") = "sgosat.Repositorio", "sgosat.Repositorio\sgosat.Repositorio.csproj", "{4E3E6396-0574-4F8B-A8D1-B51EC0E018B2}"
EndProject
Project("{FAE04EC0-301F-11D3-BF4B-00C04F79EFBC}") = "sgosat.Aplicacao", "sgosat.Aplicacao\sgosat.Aplicacao.csproj", "{A3EEAA9E-3B65-43E5-94A2-81C1BC59F4FA}"
EndProject
Project("{FAE04EC0-301F-11D3-BF4B-00C04F79EFBC}") = "sgosat.Api", "sgosat.Api\sgosat.Api.csproj", "{7A49ACB5-661E-4A8D-AAE3-9370BEF09F50}"
EndProject
Project("{FAE04EC0-301F-11D3-BF4B-00C04F79EFBC}") = "sgosat.Servicos", "sgosat.Servicos\sgosat.Servicos.csproj", "{B76FC0D6-8299-427D-9797-95DE327BA494}"
EndProject
Global
	GlobalSection(SolutionConfigurationPlatforms) = preSolution
		Debug|Any CPU = Debug|Any CPU
		Release|Any CPU = Release|Any CPU
	EndGlobalSection
	GlobalSection(SolutionProperties) = preSolution
		HideSolutionNode = FALSE
	EndGlobalSection
	GlobalSection(ProjectConfigurationPlatforms) = postSolution
		{D80D9911-C979-4D62-B696-53FC678D5053}.Debug|Any CPU.ActiveCfg = Debug|Any CPU
		{D80D9911-C979-4D62-B696-53FC678D5053}.Debug|Any CPU.Build.0 = Debug|Any CPU
		{D80D9911-C979-4D62-B696-53FC678D5053}.Release|Any CPU.ActiveCfg = Release|Any CPU
		{D80D9911-C979-4D62-B696-53FC678D5053}.Release|Any CPU.Build.0 = Release|Any CPU
		{4E3E6396-0574-4F8B-A8D1-B51EC0E018B2}.Debug|Any CPU.ActiveCfg = Debug|Any CPU
		{4E3E6396-0574-4F8B-A8D1-B51EC0E018B2}.Debug|Any CPU.Build.0 = Debug|Any CPU
		{4E3E6396-0574-4F8B-A8D1-B51EC0E018B2}.Release|Any CPU.ActiveCfg = Release|Any CPU
		{4E3E6396-0574-4F8B-A8D1-B51EC0E018B2}.Release|Any CPU.Build.0 = Release|Any CPU
		{A3EEAA9E-3B65-43E5-94A2-81C1BC59F4FA}.Debug|Any CPU.ActiveCfg = Debug|Any CPU
		{A3EEAA9E-3B65-43E5-94A2-81C1BC59F4FA}.Debug|Any CPU.Build.0 = Debug|Any CPU
		{A3EEAA9E-3B65-43E5-94A2-81C1BC59F4FA}.Release|Any CPU.ActiveCfg = Release|Any CPU
		{A3EEAA9E-3B65-43E5-94A2-81C1BC59F4FA}.Release|Any CPU.Build.0 = Release|Any CPU
		{7A49ACB5-661E-4A8D-AAE3-9370BEF09F50}.Debug|Any CPU.ActiveCfg = Debug|Any CPU
		{7A49ACB5-661E-4A8D-AAE3-9370BEF09F50}.Debug|Any CPU.Build.0 = Debug|Any CPU
		{7A49ACB5-661E-4A8D-AAE3-9370BEF09F50}.Release|Any CPU.ActiveCfg = Release|Any CPU
		{7A49ACB5-661E-4A8D-AAE3-9370BEF09F50}.Release|Any CPU.Build.0 = Release|Any CPU
		{B76FC0D6-8299-427D-9797-95DE327BA494}.Debug|Any CPU.ActiveCfg = Debug|Any CPU
		{B76FC0D6-8299-427D-9797-95DE327BA494}.Debug|Any CPU.Build.0 = Debug|Any CPU
		{B76FC0D6-8299-427D-9797-95DE327BA494}.Release|Any CPU.ActiveCfg = Release|Any CPU
		{B76FC0D6-8299-427D-9797-95DE327BA494}.Release|Any CPU.Build.0 = Release|Any CPU
	EndGlobalSection
EndGlobal
